
Microsoft Visual Studio Solution File, Format Version 12.00
# Visual Studio 15
VisualStudioVersion = 15.0.28307.757
MinimumVisualStudioVersion = 10.0.40219.1
Project("{FAE04EC0-301F-11D3-BF4B-00C04F79EFBC}") = "Teste.Base", "Teste.Base\Teste.Base.csproj", "{B087AC1C-3FC6-48C5-A393-B887E5EF720B}"
EndProject
Project("{FAE04EC0-301F-11D3-BF4B-00C04F79EFBC}") = "Teste.Business", "Teste.Business\Teste.Business.csproj", "{DBE7DBA7-CF49-4095-8A99-E8A80A98EAF3}"
EndProject
Project("{9A19103F-16F7-4668-BE54-9A1E7A4F7556}") = "Teste.Site", "Teste.Site\Teste.Site.csproj", "{A35BFA42-CC6C-4275-BB1C-1ABD7A67F57D}"
EndProject
Global
	GlobalSection(SolutionConfigurationPlatforms) = preSolution
		Debug|Any CPU = Debug|Any CPU
		Release|Any CPU = Release|Any CPU
	EndGlobalSection
	GlobalSection(ProjectConfigurationPlatforms) = postSolution
		{B087AC1C-3FC6-48C5-A393-B887E5EF720B}.Debug|Any CPU.ActiveCfg = Debug|Any CPU
		{B087AC1C-3FC6-48C5-A393-B887E5EF720B}.Debug|Any CPU.Build.0 = Debug|Any CPU
		{B087AC1C-3FC6-48C5-A393-B887E5EF720B}.Release|Any CPU.ActiveCfg = Release|Any CPU
		{B087AC1C-3FC6-48C5-A393-B887E5EF720B}.Release|Any CPU.Build.0 = Release|Any CPU
		{DBE7DBA7-CF49-4095-8A99-E8A80A98EAF3}.Debug|Any CPU.ActiveCfg = Debug|Any CPU
		{DBE7DBA7-CF49-4095-8A99-E8A80A98EAF3}.Debug|Any CPU.Build.0 = Debug|Any CPU
		{DBE7DBA7-CF49-4095-8A99-E8A80A98EAF3}.Release|Any CPU.ActiveCfg = Release|Any CPU
		{DBE7DBA7-CF49-4095-8A99-E8A80A98EAF3}.Release|Any CPU.Build.0 = Release|Any CPU
		{A35BFA42-CC6C-4275-BB1C-1ABD7A67F57D}.Debug|Any CPU.ActiveCfg = Debug|Any CPU
		{A35BFA42-CC6C-4275-BB1C-1ABD7A67F57D}.Debug|Any CPU.Build.0 = Debug|Any CPU
		{A35BFA42-CC6C-4275-BB1C-1ABD7A67F57D}.Release|Any CPU.ActiveCfg = Release|Any CPU
		{A35BFA42-CC6C-4275-BB1C-1ABD7A67F57D}.Release|Any CPU.Build.0 = Release|Any CPU
	EndGlobalSection
	GlobalSection(SolutionProperties) = preSolution
		HideSolutionNode = FALSE
	EndGlobalSection
	GlobalSection(ExtensibilityGlobals) = postSolution
		SolutionGuid = {C4E30E3C-66A7-40BD-98B2-685C02C38545}
	EndGlobalSection
EndGlobal
